
Microsoft Visual Studio Solution File, Format Version 12.00
# Visual Studio Version 16
VisualStudioVersion = 16.0.29806.167
MinimumVisualStudioVersion = 10.0.40219.1
Project("{9A19103F-16F7-4668-BE54-9A1E7A4F7556}") = "neoserver", "neoserver\neoserver.csproj", "{2F9A66F5-F61D-40C7-9623-5F4B59F4CD4F}"
EndProject
Project("{9A19103F-16F7-4668-BE54-9A1E7A4F7556}") = "NeoServer.Game", "NeoServer.Game\NeoServer.Game.csproj", "{832532B8-0F1A-4F00-9DC8-3D3D37E3FCCE}"
EndProject
Project("{9A19103F-16F7-4668-BE54-9A1E7A4F7556}") = "NeoServer.Server", "NeoServer.Server\NeoServer.Server.csproj", "{7E4B4211-CC8F-4465-9E51-ED75C63CD179}"
EndProject
Project("{9A19103F-16F7-4668-BE54-9A1E7A4F7556}") = "NeoServer.Networking", "NeoServer.Networking\NeoServer.Networking.csproj", "{5C1A1E43-07AA-49B0-8AB0-2A58247EE6F3}"
EndProject
Project("{2150E333-8FDC-42A3-9474-1A3956D46DE8}") = "2 - Networking", "2 - Networking", "{676FD03A-21CA-45E6-B61A-2AFCE061269B}"
EndProject
Project("{9A19103F-16F7-4668-BE54-9A1E7A4F7556}") = "NeoServer.Networking.Packets", "NeoServer.Networking.Packets\NeoServer.Networking.Packets.csproj", "{C5003674-F29E-499D-BCC9-DE8C67AAEE52}"
EndProject
Project("{9A19103F-16F7-4668-BE54-9A1E7A4F7556}") = "NeoServer.Networking.Handlers", "NeoServer.Networking.Handlers\NeoServer.Networking.Handlers.csproj", "{DD362E90-524D-4417-98D5-3FA461ADDA11}"
EndProject
Project("{2150E333-8FDC-42A3-9474-1A3956D46DE8}") = "1 - Server", "1 - Server", "{E0298381-8C65-4339-835B-0F4D230E479E}"
EndProject
Project("{9A19103F-16F7-4668-BE54-9A1E7A4F7556}") = "NeoServer.Data", "NeoServer.Data\NeoServer.Data.csproj", "{FDC1CDFD-8CB9-4ED6-B51D-BFCCCF754947}"
EndProject
Project("{9A19103F-16F7-4668-BE54-9A1E7A4F7556}") = "NeoServer.Data.RavenDB", "NeoServer.Data.RavenDB\NeoServer.Data.RavenDB.csproj", "{ABE177D3-27FA-4E6B-8006-B9E0EAB6CD2C}"
EndProject
Project("{2150E333-8FDC-42A3-9474-1A3956D46DE8}") = "3 - Data", "3 - Data", "{C859BCB0-ED88-4607-9687-6CE2B309643F}"
EndProject
Project("{2150E333-8FDC-42A3-9474-1A3956D46DE8}") = "4 - Game", "4 - Game", "{21E55BCB-6126-43FB-BE35-6D93D93EA803}"
EndProject
Project("{9A19103F-16F7-4668-BE54-9A1E7A4F7556}") = "NeoServer.Game.Map", "NeoServer.Game.Map\NeoServer.Game.Map.csproj", "{0E3CD21F-C07E-4790-8F50-1511D37F259B}"
EndProject
Project("{9A19103F-16F7-4668-BE54-9A1E7A4F7556}") = "NeoServer.Server.Standalone", "NeoServer.Server.Standalone\NeoServer.Server.Standalone.csproj", "{853B0EBF-1BE1-4999-8574-45943790FF7D}"
EndProject
Project("{FAE04EC0-301F-11D3-BF4B-00C04F79EFBC}") = "NeoServer.Networking.Connections", "NeoServer.Networking.Connection\NeoServer.Networking.Connections.csproj", "{4B4491CD-317B-40FA-A75F-7CFB7EEE1728}"
EndProject
Project("{FAE04EC0-301F-11D3-BF4B-00C04F79EFBC}") = "NeoServer.Server.Security", "NeoServer.Server.Security\NeoServer.Server.Security.csproj", "{BDD1E97A-0A19-482A-B211-320809D40167}"
EndProject
Global
	GlobalSection(SolutionConfigurationPlatforms) = preSolution
		Debug|Any CPU = Debug|Any CPU
		Release|Any CPU = Release|Any CPU
	EndGlobalSection
	GlobalSection(ProjectConfigurationPlatforms) = postSolution
		{2F9A66F5-F61D-40C7-9623-5F4B59F4CD4F}.Debug|Any CPU.ActiveCfg = Debug|Any CPU
		{2F9A66F5-F61D-40C7-9623-5F4B59F4CD4F}.Debug|Any CPU.Build.0 = Debug|Any CPU
		{2F9A66F5-F61D-40C7-9623-5F4B59F4CD4F}.Release|Any CPU.ActiveCfg = Release|Any CPU
		{2F9A66F5-F61D-40C7-9623-5F4B59F4CD4F}.Release|Any CPU.Build.0 = Release|Any CPU
		{832532B8-0F1A-4F00-9DC8-3D3D37E3FCCE}.Debug|Any CPU.ActiveCfg = Debug|Any CPU
		{832532B8-0F1A-4F00-9DC8-3D3D37E3FCCE}.Debug|Any CPU.Build.0 = Debug|Any CPU
		{832532B8-0F1A-4F00-9DC8-3D3D37E3FCCE}.Release|Any CPU.ActiveCfg = Release|Any CPU
		{832532B8-0F1A-4F00-9DC8-3D3D37E3FCCE}.Release|Any CPU.Build.0 = Release|Any CPU
		{7E4B4211-CC8F-4465-9E51-ED75C63CD179}.Debug|Any CPU.ActiveCfg = Debug|Any CPU
		{7E4B4211-CC8F-4465-9E51-ED75C63CD179}.Debug|Any CPU.Build.0 = Debug|Any CPU
		{7E4B4211-CC8F-4465-9E51-ED75C63CD179}.Release|Any CPU.ActiveCfg = Release|Any CPU
		{7E4B4211-CC8F-4465-9E51-ED75C63CD179}.Release|Any CPU.Build.0 = Release|Any CPU
		{5C1A1E43-07AA-49B0-8AB0-2A58247EE6F3}.Debug|Any CPU.ActiveCfg = Debug|Any CPU
		{5C1A1E43-07AA-49B0-8AB0-2A58247EE6F3}.Debug|Any CPU.Build.0 = Debug|Any CPU
		{5C1A1E43-07AA-49B0-8AB0-2A58247EE6F3}.Release|Any CPU.ActiveCfg = Release|Any CPU
		{5C1A1E43-07AA-49B0-8AB0-2A58247EE6F3}.Release|Any CPU.Build.0 = Release|Any CPU
		{C5003674-F29E-499D-BCC9-DE8C67AAEE52}.Debug|Any CPU.ActiveCfg = Debug|Any CPU
		{C5003674-F29E-499D-BCC9-DE8C67AAEE52}.Debug|Any CPU.Build.0 = Debug|Any CPU
		{C5003674-F29E-499D-BCC9-DE8C67AAEE52}.Release|Any CPU.ActiveCfg = Release|Any CPU
		{C5003674-F29E-499D-BCC9-DE8C67AAEE52}.Release|Any CPU.Build.0 = Release|Any CPU
		{DD362E90-524D-4417-98D5-3FA461ADDA11}.Debug|Any CPU.ActiveCfg = Debug|Any CPU
		{DD362E90-524D-4417-98D5-3FA461ADDA11}.Debug|Any CPU.Build.0 = Debug|Any CPU
		{DD362E90-524D-4417-98D5-3FA461ADDA11}.Release|Any CPU.ActiveCfg = Release|Any CPU
		{DD362E90-524D-4417-98D5-3FA461ADDA11}.Release|Any CPU.Build.0 = Release|Any CPU
		{FDC1CDFD-8CB9-4ED6-B51D-BFCCCF754947}.Debug|Any CPU.ActiveCfg = Debug|Any CPU
		{FDC1CDFD-8CB9-4ED6-B51D-BFCCCF754947}.Debug|Any CPU.Build.0 = Debug|Any CPU
		{FDC1CDFD-8CB9-4ED6-B51D-BFCCCF754947}.Release|Any CPU.ActiveCfg = Release|Any CPU
		{FDC1CDFD-8CB9-4ED6-B51D-BFCCCF754947}.Release|Any CPU.Build.0 = Release|Any CPU
		{ABE177D3-27FA-4E6B-8006-B9E0EAB6CD2C}.Debug|Any CPU.ActiveCfg = Debug|Any CPU
		{ABE177D3-27FA-4E6B-8006-B9E0EAB6CD2C}.Debug|Any CPU.Build.0 = Debug|Any CPU
		{ABE177D3-27FA-4E6B-8006-B9E0EAB6CD2C}.Release|Any CPU.ActiveCfg = Release|Any CPU
		{ABE177D3-27FA-4E6B-8006-B9E0EAB6CD2C}.Release|Any CPU.Build.0 = Release|Any CPU
		{0E3CD21F-C07E-4790-8F50-1511D37F259B}.Debug|Any CPU.ActiveCfg = Debug|Any CPU
		{0E3CD21F-C07E-4790-8F50-1511D37F259B}.Debug|Any CPU.Build.0 = Debug|Any CPU
		{0E3CD21F-C07E-4790-8F50-1511D37F259B}.Release|Any CPU.ActiveCfg = Release|Any CPU
		{0E3CD21F-C07E-4790-8F50-1511D37F259B}.Release|Any CPU.Build.0 = Release|Any CPU
		{853B0EBF-1BE1-4999-8574-45943790FF7D}.Debug|Any CPU.ActiveCfg = Debug|Any CPU
		{853B0EBF-1BE1-4999-8574-45943790FF7D}.Debug|Any CPU.Build.0 = Debug|Any CPU
		{853B0EBF-1BE1-4999-8574-45943790FF7D}.Release|Any CPU.ActiveCfg = Release|Any CPU
		{853B0EBF-1BE1-4999-8574-45943790FF7D}.Release|Any CPU.Build.0 = Release|Any CPU
		{4B4491CD-317B-40FA-A75F-7CFB7EEE1728}.Debug|Any CPU.ActiveCfg = Debug|Any CPU
		{4B4491CD-317B-40FA-A75F-7CFB7EEE1728}.Debug|Any CPU.Build.0 = Debug|Any CPU
		{4B4491CD-317B-40FA-A75F-7CFB7EEE1728}.Release|Any CPU.ActiveCfg = Release|Any CPU
		{4B4491CD-317B-40FA-A75F-7CFB7EEE1728}.Release|Any CPU.Build.0 = Release|Any CPU
		{BDD1E97A-0A19-482A-B211-320809D40167}.Debug|Any CPU.ActiveCfg = Debug|Any CPU
		{BDD1E97A-0A19-482A-B211-320809D40167}.Debug|Any CPU.Build.0 = Debug|Any CPU
		{BDD1E97A-0A19-482A-B211-320809D40167}.Release|Any CPU.ActiveCfg = Release|Any CPU
		{BDD1E97A-0A19-482A-B211-320809D40167}.Release|Any CPU.Build.0 = Release|Any CPU
	EndGlobalSection
	GlobalSection(SolutionProperties) = preSolution
		HideSolutionNode = FALSE
	EndGlobalSection
	GlobalSection(NestedProjects) = preSolution
		{832532B8-0F1A-4F00-9DC8-3D3D37E3FCCE} = {21E55BCB-6126-43FB-BE35-6D93D93EA803}
		{7E4B4211-CC8F-4465-9E51-ED75C63CD179} = {E0298381-8C65-4339-835B-0F4D230E479E}
		{5C1A1E43-07AA-49B0-8AB0-2A58247EE6F3} = {676FD03A-21CA-45E6-B61A-2AFCE061269B}
		{C5003674-F29E-499D-BCC9-DE8C67AAEE52} = {676FD03A-21CA-45E6-B61A-2AFCE061269B}
		{DD362E90-524D-4417-98D5-3FA461ADDA11} = {676FD03A-21CA-45E6-B61A-2AFCE061269B}
		{FDC1CDFD-8CB9-4ED6-B51D-BFCCCF754947} = {C859BCB0-ED88-4607-9687-6CE2B309643F}
		{ABE177D3-27FA-4E6B-8006-B9E0EAB6CD2C} = {C859BCB0-ED88-4607-9687-6CE2B309643F}
		{0E3CD21F-C07E-4790-8F50-1511D37F259B} = {21E55BCB-6126-43FB-BE35-6D93D93EA803}
		{4B4491CD-317B-40FA-A75F-7CFB7EEE1728} = {676FD03A-21CA-45E6-B61A-2AFCE061269B}
		{BDD1E97A-0A19-482A-B211-320809D40167} = {E0298381-8C65-4339-835B-0F4D230E479E}
	EndGlobalSection
	GlobalSection(ExtensibilityGlobals) = postSolution
		SolutionGuid = {3B3C7097-0071-4218-BE24-5EE9128763B6}
	EndGlobalSection
EndGlobal
