
Microsoft Visual Studio Solution File, Format Version 12.00
# Visual Studio Version 16
VisualStudioVersion = 16.0.29806.167
MinimumVisualStudioVersion = 10.0.40219.1
Project("{9A19103F-16F7-4668-BE54-9A1E7A4F7556}") = "NeoServer.Server", "NeoServer.Server\NeoServer.Server.csproj", "{7E4B4211-CC8F-4465-9E51-ED75C63CD179}"
EndProject
Project("{9A19103F-16F7-4668-BE54-9A1E7A4F7556}") = "NeoServer.Networking", "NeoServer.Networking\NeoServer.Networking.csproj", "{5C1A1E43-07AA-49B0-8AB0-2A58247EE6F3}"
EndProject
Project("{2150E333-8FDC-42A3-9474-1A3956D46DE8}") = "2 - Networking", "2 - Networking", "{676FD03A-21CA-45E6-B61A-2AFCE061269B}"
EndProject
Project("{9A19103F-16F7-4668-BE54-9A1E7A4F7556}") = "NeoServer.Networking.Packets", "NeoServer.Networking.Packets\NeoServer.Networking.Packets.csproj", "{C5003674-F29E-499D-BCC9-DE8C67AAEE52}"
EndProject
Project("{9A19103F-16F7-4668-BE54-9A1E7A4F7556}") = "NeoServer.Server.Handlers", "NeoServer.Server.Handlers\NeoServer.Server.Handlers.csproj", "{DD362E90-524D-4417-98D5-3FA461ADDA11}"
EndProject
Project("{2150E333-8FDC-42A3-9474-1A3956D46DE8}") = "1 - Server", "1 - Server", "{E0298381-8C65-4339-835B-0F4D230E479E}"
EndProject
Project("{9A19103F-16F7-4668-BE54-9A1E7A4F7556}") = "NeoServer.Data", "NeoServer.Data\NeoServer.Data.csproj", "{FDC1CDFD-8CB9-4ED6-B51D-BFCCCF754947}"
EndProject
Project("{9A19103F-16F7-4668-BE54-9A1E7A4F7556}") = "NeoServer.Data.RavenDB", "NeoServer.Data.RavenDB\NeoServer.Data.RavenDB.csproj", "{ABE177D3-27FA-4E6B-8006-B9E0EAB6CD2C}"
EndProject
Project("{2150E333-8FDC-42A3-9474-1A3956D46DE8}") = "3 - Data", "3 - Data", "{C859BCB0-ED88-4607-9687-6CE2B309643F}"
EndProject
Project("{9A19103F-16F7-4668-BE54-9A1E7A4F7556}") = "NeoServer.Server.Standalone", "NeoServer.Server.Standalone\NeoServer.Server.Standalone.csproj", "{853B0EBF-1BE1-4999-8574-45943790FF7D}"
EndProject
Project("{9A19103F-16F7-4668-BE54-9A1E7A4F7556}") = "NeoServer.Server.Security", "NeoServer.Server.Security\NeoServer.Server.Security.csproj", "{BDD1E97A-0A19-482A-B211-320809D40167}"
EndProject
Project("{9A19103F-16F7-4668-BE54-9A1E7A4F7556}") = "NeoServer.Server.Model", "NeoServer.Server.Model\NeoServer.Server.Model.csproj", "{C9F2DE20-662D-490F-BA4F-378D43664CC9}"
EndProject
Project("{9A19103F-16F7-4668-BE54-9A1E7A4F7556}") = "NeoServer.Server.Contracts", "NeoServer.Server.Contracts\NeoServer.Server.Contracts.csproj", "{A5D60E73-9D23-4191-9F69-9B31651C2BDB}"
EndProject
Project("{9A19103F-16F7-4668-BE54-9A1E7A4F7556}") = "NeoServer.Networking.Tests", "NeoServer.Networking.Tests\NeoServer.Networking.Tests.csproj", "{47360B5F-31E4-409A-9BD7-157374089392}"
EndProject
Project("{9A19103F-16F7-4668-BE54-9A1E7A4F7556}") = "NeoServer.Server.World", "NeoServer.Server.World\NeoServer.Server.World.csproj", "{14B66300-624B-40AE-A5E3-0D6A733F898F}"
EndProject
Project("{FAE04EC0-301F-11D3-BF4B-00C04F79EFBC}") = "NeoServer.Server.OTB", "NeoServer.Server.OTB\NeoServer.Server.OTB.csproj", "{D96ED5D6-A8B5-4682-8140-DDB475BC71D1}"
EndProject
Project("{9A19103F-16F7-4668-BE54-9A1E7A4F7556}") = "NeoServer.Server.Helpers", "NeoServer.Server.Loaders\NeoServer.Server.Helpers.csproj", "{B6805724-B1DA-4E7E-81A6-D220AE69D56E}"
EndProject
Project("{9A19103F-16F7-4668-BE54-9A1E7A4F7556}") = "NeoServer.Server.Items.Tests", "NeoServer.Server.Loaders.Tests\NeoServer.Server.Items.Tests.csproj", "{0F9160FD-C5E1-41D3-876D-34E37764F8DB}"
EndProject
Project("{FAE04EC0-301F-11D3-BF4B-00C04F79EFBC}") = "NeoServer.Server.Items", "NeoServer.Server.Items\NeoServer.Server.Items.csproj", "{F92268DF-7DBD-4EE1-BFC9-B1732CD1D9C3}"
EndProject
Project("{2150E333-8FDC-42A3-9474-1A3956D46DE8}") = "1.1 - Items", "1.1 - Items", "{2A5CBABA-8C49-4FC0-8920-FB32F0D5AB70}"
EndProject
Project("{2150E333-8FDC-42A3-9474-1A3956D46DE8}") = "1.2 - World", "1.2 - World", "{FC23B925-1DE6-4C57-B5AF-91828150848A}"
EndProject
Project("{FAE04EC0-301F-11D3-BF4B-00C04F79EFBC}") = "NeoServer.Server.World.Tests", "NeoServer.Server.World.Tests\NeoServer.Server.World.Tests.csproj", "{1C21381B-FDDE-42A9-9C27-1205B962D215}"
EndProject
Global
	GlobalSection(SolutionConfigurationPlatforms) = preSolution
		Debug|Any CPU = Debug|Any CPU
		Release|Any CPU = Release|Any CPU
	EndGlobalSection
	GlobalSection(ProjectConfigurationPlatforms) = postSolution
		{7E4B4211-CC8F-4465-9E51-ED75C63CD179}.Debug|Any CPU.ActiveCfg = Debug|Any CPU
		{7E4B4211-CC8F-4465-9E51-ED75C63CD179}.Debug|Any CPU.Build.0 = Debug|Any CPU
		{7E4B4211-CC8F-4465-9E51-ED75C63CD179}.Release|Any CPU.ActiveCfg = Release|Any CPU
		{7E4B4211-CC8F-4465-9E51-ED75C63CD179}.Release|Any CPU.Build.0 = Release|Any CPU
		{5C1A1E43-07AA-49B0-8AB0-2A58247EE6F3}.Debug|Any CPU.ActiveCfg = Debug|Any CPU
		{5C1A1E43-07AA-49B0-8AB0-2A58247EE6F3}.Debug|Any CPU.Build.0 = Debug|Any CPU
		{5C1A1E43-07AA-49B0-8AB0-2A58247EE6F3}.Release|Any CPU.ActiveCfg = Release|Any CPU
		{5C1A1E43-07AA-49B0-8AB0-2A58247EE6F3}.Release|Any CPU.Build.0 = Release|Any CPU
		{C5003674-F29E-499D-BCC9-DE8C67AAEE52}.Debug|Any CPU.ActiveCfg = Debug|Any CPU
		{C5003674-F29E-499D-BCC9-DE8C67AAEE52}.Debug|Any CPU.Build.0 = Debug|Any CPU
		{C5003674-F29E-499D-BCC9-DE8C67AAEE52}.Release|Any CPU.ActiveCfg = Release|Any CPU
		{C5003674-F29E-499D-BCC9-DE8C67AAEE52}.Release|Any CPU.Build.0 = Release|Any CPU
		{DD362E90-524D-4417-98D5-3FA461ADDA11}.Debug|Any CPU.ActiveCfg = Debug|Any CPU
		{DD362E90-524D-4417-98D5-3FA461ADDA11}.Debug|Any CPU.Build.0 = Debug|Any CPU
		{DD362E90-524D-4417-98D5-3FA461ADDA11}.Release|Any CPU.ActiveCfg = Release|Any CPU
		{DD362E90-524D-4417-98D5-3FA461ADDA11}.Release|Any CPU.Build.0 = Release|Any CPU
		{FDC1CDFD-8CB9-4ED6-B51D-BFCCCF754947}.Debug|Any CPU.ActiveCfg = Debug|Any CPU
		{FDC1CDFD-8CB9-4ED6-B51D-BFCCCF754947}.Debug|Any CPU.Build.0 = Debug|Any CPU
		{FDC1CDFD-8CB9-4ED6-B51D-BFCCCF754947}.Release|Any CPU.ActiveCfg = Release|Any CPU
		{FDC1CDFD-8CB9-4ED6-B51D-BFCCCF754947}.Release|Any CPU.Build.0 = Release|Any CPU
		{ABE177D3-27FA-4E6B-8006-B9E0EAB6CD2C}.Debug|Any CPU.ActiveCfg = Debug|Any CPU
		{ABE177D3-27FA-4E6B-8006-B9E0EAB6CD2C}.Debug|Any CPU.Build.0 = Debug|Any CPU
		{ABE177D3-27FA-4E6B-8006-B9E0EAB6CD2C}.Release|Any CPU.ActiveCfg = Release|Any CPU
		{ABE177D3-27FA-4E6B-8006-B9E0EAB6CD2C}.Release|Any CPU.Build.0 = Release|Any CPU
		{853B0EBF-1BE1-4999-8574-45943790FF7D}.Debug|Any CPU.ActiveCfg = Debug|Any CPU
		{853B0EBF-1BE1-4999-8574-45943790FF7D}.Debug|Any CPU.Build.0 = Debug|Any CPU
		{853B0EBF-1BE1-4999-8574-45943790FF7D}.Release|Any CPU.ActiveCfg = Release|Any CPU
		{853B0EBF-1BE1-4999-8574-45943790FF7D}.Release|Any CPU.Build.0 = Release|Any CPU
		{BDD1E97A-0A19-482A-B211-320809D40167}.Debug|Any CPU.ActiveCfg = Debug|Any CPU
		{BDD1E97A-0A19-482A-B211-320809D40167}.Debug|Any CPU.Build.0 = Debug|Any CPU
		{BDD1E97A-0A19-482A-B211-320809D40167}.Release|Any CPU.ActiveCfg = Release|Any CPU
		{BDD1E97A-0A19-482A-B211-320809D40167}.Release|Any CPU.Build.0 = Release|Any CPU
		{C9F2DE20-662D-490F-BA4F-378D43664CC9}.Debug|Any CPU.ActiveCfg = Debug|Any CPU
		{C9F2DE20-662D-490F-BA4F-378D43664CC9}.Debug|Any CPU.Build.0 = Debug|Any CPU
		{C9F2DE20-662D-490F-BA4F-378D43664CC9}.Release|Any CPU.ActiveCfg = Release|Any CPU
		{C9F2DE20-662D-490F-BA4F-378D43664CC9}.Release|Any CPU.Build.0 = Release|Any CPU
		{A5D60E73-9D23-4191-9F69-9B31651C2BDB}.Debug|Any CPU.ActiveCfg = Debug|Any CPU
		{A5D60E73-9D23-4191-9F69-9B31651C2BDB}.Debug|Any CPU.Build.0 = Debug|Any CPU
		{A5D60E73-9D23-4191-9F69-9B31651C2BDB}.Release|Any CPU.ActiveCfg = Release|Any CPU
		{A5D60E73-9D23-4191-9F69-9B31651C2BDB}.Release|Any CPU.Build.0 = Release|Any CPU
		{47360B5F-31E4-409A-9BD7-157374089392}.Debug|Any CPU.ActiveCfg = Debug|Any CPU
		{47360B5F-31E4-409A-9BD7-157374089392}.Debug|Any CPU.Build.0 = Debug|Any CPU
		{47360B5F-31E4-409A-9BD7-157374089392}.Release|Any CPU.ActiveCfg = Release|Any CPU
		{47360B5F-31E4-409A-9BD7-157374089392}.Release|Any CPU.Build.0 = Release|Any CPU
		{14B66300-624B-40AE-A5E3-0D6A733F898F}.Debug|Any CPU.ActiveCfg = Debug|Any CPU
		{14B66300-624B-40AE-A5E3-0D6A733F898F}.Debug|Any CPU.Build.0 = Debug|Any CPU
		{14B66300-624B-40AE-A5E3-0D6A733F898F}.Release|Any CPU.ActiveCfg = Release|Any CPU
		{14B66300-624B-40AE-A5E3-0D6A733F898F}.Release|Any CPU.Build.0 = Release|Any CPU
		{D96ED5D6-A8B5-4682-8140-DDB475BC71D1}.Debug|Any CPU.ActiveCfg = Debug|Any CPU
		{D96ED5D6-A8B5-4682-8140-DDB475BC71D1}.Debug|Any CPU.Build.0 = Debug|Any CPU
		{D96ED5D6-A8B5-4682-8140-DDB475BC71D1}.Release|Any CPU.ActiveCfg = Release|Any CPU
		{D96ED5D6-A8B5-4682-8140-DDB475BC71D1}.Release|Any CPU.Build.0 = Release|Any CPU
		{B6805724-B1DA-4E7E-81A6-D220AE69D56E}.Debug|Any CPU.ActiveCfg = Debug|Any CPU
		{B6805724-B1DA-4E7E-81A6-D220AE69D56E}.Debug|Any CPU.Build.0 = Debug|Any CPU
		{B6805724-B1DA-4E7E-81A6-D220AE69D56E}.Release|Any CPU.ActiveCfg = Release|Any CPU
		{B6805724-B1DA-4E7E-81A6-D220AE69D56E}.Release|Any CPU.Build.0 = Release|Any CPU
		{0F9160FD-C5E1-41D3-876D-34E37764F8DB}.Debug|Any CPU.ActiveCfg = Debug|Any CPU
		{0F9160FD-C5E1-41D3-876D-34E37764F8DB}.Debug|Any CPU.Build.0 = Debug|Any CPU
		{0F9160FD-C5E1-41D3-876D-34E37764F8DB}.Release|Any CPU.ActiveCfg = Release|Any CPU
		{0F9160FD-C5E1-41D3-876D-34E37764F8DB}.Release|Any CPU.Build.0 = Release|Any CPU
		{F92268DF-7DBD-4EE1-BFC9-B1732CD1D9C3}.Debug|Any CPU.ActiveCfg = Debug|Any CPU
		{F92268DF-7DBD-4EE1-BFC9-B1732CD1D9C3}.Debug|Any CPU.Build.0 = Debug|Any CPU
		{F92268DF-7DBD-4EE1-BFC9-B1732CD1D9C3}.Release|Any CPU.ActiveCfg = Release|Any CPU
		{F92268DF-7DBD-4EE1-BFC9-B1732CD1D9C3}.Release|Any CPU.Build.0 = Release|Any CPU
		{1C21381B-FDDE-42A9-9C27-1205B962D215}.Debug|Any CPU.ActiveCfg = Debug|Any CPU
		{1C21381B-FDDE-42A9-9C27-1205B962D215}.Debug|Any CPU.Build.0 = Debug|Any CPU
		{1C21381B-FDDE-42A9-9C27-1205B962D215}.Release|Any CPU.ActiveCfg = Release|Any CPU
		{1C21381B-FDDE-42A9-9C27-1205B962D215}.Release|Any CPU.Build.0 = Release|Any CPU
	EndGlobalSection
	GlobalSection(SolutionProperties) = preSolution
		HideSolutionNode = FALSE
	EndGlobalSection
	GlobalSection(NestedProjects) = preSolution
		{7E4B4211-CC8F-4465-9E51-ED75C63CD179} = {E0298381-8C65-4339-835B-0F4D230E479E}
		{5C1A1E43-07AA-49B0-8AB0-2A58247EE6F3} = {676FD03A-21CA-45E6-B61A-2AFCE061269B}
		{C5003674-F29E-499D-BCC9-DE8C67AAEE52} = {676FD03A-21CA-45E6-B61A-2AFCE061269B}
		{DD362E90-524D-4417-98D5-3FA461ADDA11} = {E0298381-8C65-4339-835B-0F4D230E479E}
		{FDC1CDFD-8CB9-4ED6-B51D-BFCCCF754947} = {C859BCB0-ED88-4607-9687-6CE2B309643F}
		{ABE177D3-27FA-4E6B-8006-B9E0EAB6CD2C} = {C859BCB0-ED88-4607-9687-6CE2B309643F}
		{BDD1E97A-0A19-482A-B211-320809D40167} = {E0298381-8C65-4339-835B-0F4D230E479E}
		{C9F2DE20-662D-490F-BA4F-378D43664CC9} = {E0298381-8C65-4339-835B-0F4D230E479E}
		{A5D60E73-9D23-4191-9F69-9B31651C2BDB} = {E0298381-8C65-4339-835B-0F4D230E479E}
		{47360B5F-31E4-409A-9BD7-157374089392} = {676FD03A-21CA-45E6-B61A-2AFCE061269B}
		{14B66300-624B-40AE-A5E3-0D6A733F898F} = {FC23B925-1DE6-4C57-B5AF-91828150848A}
		{D96ED5D6-A8B5-4682-8140-DDB475BC71D1} = {E0298381-8C65-4339-835B-0F4D230E479E}
		{B6805724-B1DA-4E7E-81A6-D220AE69D56E} = {E0298381-8C65-4339-835B-0F4D230E479E}
		{0F9160FD-C5E1-41D3-876D-34E37764F8DB} = {2A5CBABA-8C49-4FC0-8920-FB32F0D5AB70}
		{F92268DF-7DBD-4EE1-BFC9-B1732CD1D9C3} = {2A5CBABA-8C49-4FC0-8920-FB32F0D5AB70}
		{2A5CBABA-8C49-4FC0-8920-FB32F0D5AB70} = {E0298381-8C65-4339-835B-0F4D230E479E}
		{FC23B925-1DE6-4C57-B5AF-91828150848A} = {E0298381-8C65-4339-835B-0F4D230E479E}
		{1C21381B-FDDE-42A9-9C27-1205B962D215} = {FC23B925-1DE6-4C57-B5AF-91828150848A}
	EndGlobalSection
	GlobalSection(ExtensibilityGlobals) = postSolution
		SolutionGuid = {3B3C7097-0071-4218-BE24-5EE9128763B6}
	EndGlobalSection
EndGlobal
