
Microsoft Visual Studio Solution File, Format Version 12.00
# Visual Studio Version 17
VisualStudioVersion = 17.3.32922.545
MinimumVisualStudioVersion = 10.0.40219.1
Project("{9A19103F-16F7-4668-BE54-9A1E7A4F7556}") = "NeoServer.Server", "Server\NeoServer.Server\NeoServer.Server.csproj", "{7E4B4211-CC8F-4465-9E51-ED75C63CD179}"
EndProject
Project("{9A19103F-16F7-4668-BE54-9A1E7A4F7556}") = "NeoServer.Networking", "NetworkingServer\NeoServer.Networking\NeoServer.Networking.csproj", "{5C1A1E43-07AA-49B0-8AB0-2A58247EE6F3}"
EndProject
Project("{2150E333-8FDC-42A3-9474-1A3956D46DE8}") = "network server", "network server", "{676FD03A-21CA-45E6-B61A-2AFCE061269B}"
EndProject
Project("{9A19103F-16F7-4668-BE54-9A1E7A4F7556}") = "NeoServer.Networking.Packets", "NetworkingServer\NeoServer.Networking.Packets\NeoServer.Networking.Packets.csproj", "{C5003674-F29E-499D-BCC9-DE8C67AAEE52}"
EndProject
Project("{9A19103F-16F7-4668-BE54-9A1E7A4F7556}") = "NeoServer.Networking.Handlers", "NetworkingServer\NeoServer.Networking.Handlers\NeoServer.Networking.Handlers.csproj", "{DD362E90-524D-4417-98D5-3FA461ADDA11}"
EndProject
Project("{9A19103F-16F7-4668-BE54-9A1E7A4F7556}") = "NeoServer.Data", "Database\NeoServer.Data\NeoServer.Data.csproj", "{FDC1CDFD-8CB9-4ED6-B51D-BFCCCF754947}"
EndProject
Project("{2150E333-8FDC-42A3-9474-1A3956D46DE8}") = "database", "database", "{C859BCB0-ED88-4607-9687-6CE2B309643F}"
EndProject
Project("{9A19103F-16F7-4668-BE54-9A1E7A4F7556}") = "NeoServer.Server.Standalone", "NeoServer.Server.Standalone\NeoServer.Server.Standalone.csproj", "{853B0EBF-1BE1-4999-8574-45943790FF7D}"
EndProject
Project("{9A19103F-16F7-4668-BE54-9A1E7A4F7556}") = "NeoServer.Server.Security", "Server\NeoServer.Server.Security\NeoServer.Server.Security.csproj", "{BDD1E97A-0A19-482A-B211-320809D40167}"
EndProject
Project("{9A19103F-16F7-4668-BE54-9A1E7A4F7556}") = "NeoServer.Server.Common", "Server\NeoServer.Server.Contracts\NeoServer.Server.Common.csproj", "{A5D60E73-9D23-4191-9F69-9B31651C2BDB}"
EndProject
Project("{9A19103F-16F7-4668-BE54-9A1E7A4F7556}") = "NeoServer.Networking.Tests", "..\tests\NeoServer.Networking.Tests\NeoServer.Networking.Tests.csproj", "{47360B5F-31E4-409A-9BD7-157374089392}"
EndProject
Project("{9A19103F-16F7-4668-BE54-9A1E7A4F7556}") = "NeoServer.Server.Helpers", "Server\NeoServer.Server.Helpers\NeoServer.Server.Helpers.csproj", "{B6805724-B1DA-4E7E-81A6-D220AE69D56E}"
EndProject
Project("{9A19103F-16F7-4668-BE54-9A1E7A4F7556}") = "NeoServer.Game.Items", "Game\NeoServer.Game.Items\NeoServer.Game.Items.csproj", "{F92268DF-7DBD-4EE1-BFC9-B1732CD1D9C3}"
EndProject
Project("{9A19103F-16F7-4668-BE54-9A1E7A4F7556}") = "NeoServer.Game.Creatures", "Game\NeoServer.Game.Creatures\NeoServer.Game.Creatures.csproj", "{CBB676A7-5607-43DD-910B-6C5DFFE43090}"
EndProject
Project("{9A19103F-16F7-4668-BE54-9A1E7A4F7556}") = "NeoServer.Game.Common", "Game\NeoServer.Game.Common\NeoServer.Game.Common.csproj", "{7B722163-1780-42FE-83AE-46F665BAF792}"
EndProject
Project("{9A19103F-16F7-4668-BE54-9A1E7A4F7556}") = "NeoServer.Server.Commands", "Server\NeoServer.Server.Commands\NeoServer.Server.Commands.csproj", "{64FD1616-263E-4974-9640-775BFFB5725E}"
EndProject
Project("{9A19103F-16F7-4668-BE54-9A1E7A4F7556}") = "NeoServer.Server.Events", "Server\NeoServer.Server.Events\NeoServer.Server.Events.csproj", "{6F24CEA8-711D-4BC4-ABA0-68E04D58DAC2}"
EndProject
Project("{9A19103F-16F7-4668-BE54-9A1E7A4F7556}") = "NeoServer.OTBM", "Loaders\NeoServer.OTBM\NeoServer.OTBM.csproj", "{FF7B6229-50E7-49EE-BA52-3E4389F7B958}"
EndProject
Project("{9A19103F-16F7-4668-BE54-9A1E7A4F7556}") = "NeoServer.OTB", "Loaders\NeoServer.OTB\NeoServer.OTB.csproj", "{D8D40B44-C64D-4C62-BB5B-966AED20F762}"
EndProject
Project("{9A19103F-16F7-4668-BE54-9A1E7A4F7556}") = "NeoServer.Loaders", "Loaders\NeoServer.Loaders\NeoServer.Loaders.csproj", "{634FBA6A-3625-43DC-89B3-97913211FA9F}"
EndProject
Project("{9A19103F-16F7-4668-BE54-9A1E7A4F7556}") = "NeoServer.OTB.Tests", "..\tests\NeoServer.OTB.Tests\NeoServer.OTB.Tests.csproj", "{8398850B-AEAD-4E6B-8FBB-C79F0828F596}"
EndProject
Project("{9A19103F-16F7-4668-BE54-9A1E7A4F7556}") = "NeoServer.Game.World", "Game\NeoServer.Game.World\NeoServer.Game.World.csproj", "{EEE980F3-5916-45FD-9ABA-8F5D078E115C}"
EndProject
Project("{9A19103F-16F7-4668-BE54-9A1E7A4F7556}") = "NeoServer.Server.Jobs", "Server\NeoServer.Server.Jobs\NeoServer.Server.Jobs.csproj", "{966C5E69-B1DF-4594-8C6F-C7F32C02866F}"
EndProject
Project("{9A19103F-16F7-4668-BE54-9A1E7A4F7556}") = "NeoServer.Benchmarks", "..\benchmarks\NeoServer.Benchmarks\NeoServer.Benchmarks.csproj", "{96C4E3BF-842D-4132-9A23-0BA35F2660F2}"
EndProject
Project("{9A19103F-16F7-4668-BE54-9A1E7A4F7556}") = "NeoServer.Game.Items.Tests", "..\tests\NeoServer.Game.Items.Tests\NeoServer.Game.Items.Tests.csproj", "{2A189164-DAD1-4F17-AC22-4BB37011B7B6}"
EndProject
Project("{9A19103F-16F7-4668-BE54-9A1E7A4F7556}") = "NeoServer.Game.World.Tests", "..\tests\NeoServer.Game.World.Tests\NeoServer.Game.World.Tests.csproj", "{A46F9710-37C9-4A3C-A937-B41BD2D6A34B}"
EndProject
Project("{9A19103F-16F7-4668-BE54-9A1E7A4F7556}") = "NeoServer.Game.Common.Tests", "..\tests\NeoServer.Game.Model.Tests\NeoServer.Game.Common.Tests.csproj", "{B11029C4-5BEC-4634-87FE-0A3B7B13B85E}"
EndProject
Project("{9A19103F-16F7-4668-BE54-9A1E7A4F7556}") = "NeoServer.Game.Creatures.Tests", "..\tests\NeoServer.Game.Creatures.Tests\NeoServer.Game.Creatures.Tests.csproj", "{B4C17E56-B10C-4252-8D6A-E2803BF5B8E0}"
EndProject
Project("{9A19103F-16F7-4668-BE54-9A1E7A4F7556}") = "NeoServer.Extensions", "..\data\extensions\NeoServer.Extensions.csproj", "{F9748A4D-F069-408B-986B-7633236B280D}"
EndProject
Project("{9A19103F-16F7-4668-BE54-9A1E7A4F7556}") = "NeoServer.Server.Compiler", "Server\NeoServer.Server.Compiler\NeoServer.Server.Compiler.csproj", "{C45D55EF-5950-4DE5-95FA-F1BAD94A9D69}"
EndProject
Project("{9A19103F-16F7-4668-BE54-9A1E7A4F7556}") = "NeoServer.Game.Combat", "Game\NeoServer.Game.Combat\NeoServer.Game.Combat.csproj", "{43FB50C3-5D5C-4A33-8E64-2FF77D832CBF}"
EndProject
Project("{9A19103F-16F7-4668-BE54-9A1E7A4F7556}") = "NeoServer.Data.Providers", "Database\NeoServer.Data.Providers\NeoServer.Data.Providers.csproj", "{5CE7F8D8-3BA9-425E-8042-8C4CBFFC2DB2}"
EndProject
Project("{9A19103F-16F7-4668-BE54-9A1E7A4F7556}") = "NeoServer.Game.Tests", "..\tests\NeoServer.Game.Tests\NeoServer.Game.Tests.csproj", "{59D7B099-90A7-4FAF-A736-8CE283FA1AFC}"
EndProject
Project("{2150E333-8FDC-42A3-9474-1A3956D46DE8}") = "tests", "tests", "{9D4CBB34-8698-4A2E-BBC9-12586A98DC30}"
EndProject
Project("{9A19103F-16F7-4668-BE54-9A1E7A4F7556}") = "NeoServer.Server.Tests", "..\tests\NeoServer.Server.Tests\NeoServer.Server.Tests.csproj", "{240DD72A-84C2-4027-A837-10069BA4DE45}"
EndProject
Project("{9A19103F-16F7-4668-BE54-9A1E7A4F7556}") = "NeoServer.Data.InMemory.DataStores", "Database\NeoServer.Data.InMemory.DataStores\NeoServer.Data.InMemory.DataStores.csproj", "{C1ECE885-A951-4D93-8168-D6632F8848AE}"
EndProject
Project("{9A19103F-16F7-4668-BE54-9A1E7A4F7556}") = "NeoServer.Game.Chats", "Game\NeoServer.Game.Chats\NeoServer.Game.Chats.csproj", "{B6B096CB-18C4-4B48-9D85-43A367787672}"
EndProject
Project("{9A19103F-16F7-4668-BE54-9A1E7A4F7556}") = "NeoServer.Game.Chats.Tests", "..\tests\NeoServer.Game.Chats.Tests\NeoServer.Game.Chats.Tests.csproj", "{7588730A-5787-4D61-A3B2-31D63AC10355}"
EndProject
Project("{9A19103F-16F7-4668-BE54-9A1E7A4F7556}") = "NeoServer.Scripts.Lua", "Extensions\NeoServer.Scripts.Lua\NeoServer.Scripts.Lua.csproj", "{E5A0A9B7-1E3B-45CD-AD1F-10B7488123C8}"
EndProject
Project("{9A19103F-16F7-4668-BE54-9A1E7A4F7556}") = "NeoServer.Loaders.Tests", "..\tests\NeoServer.Loaders.Tests\NeoServer.Loaders.Tests.csproj", "{BF47800C-BB14-4A24-9EB2-3BAE8B64EA5C}"
EndProject
Project("{9A19103F-16F7-4668-BE54-9A1E7A4F7556}") = "NeoServer.Architecture", "Docs\NeoServer.Architecture\NeoServer.Architecture.csproj", "{964DD584-90C2-40A0-B2E7-04494F8B6749}"
EndProject
Project("{2150E333-8FDC-42A3-9474-1A3956D46DE8}") = "src", "src", "{41D4D3B5-6FC6-48F5-9D05-EA8C293DB44B}"
EndProject
Project("{2150E333-8FDC-42A3-9474-1A3956D46DE8}") = "game world simulator", "game world simulator", "{EB46ABE5-1719-4A52-BACB-A05D6EACCAB5}"
EndProject
Project("{2150E333-8FDC-42A3-9474-1A3956D46DE8}") = "loaders", "loaders", "{FA691E87-E79B-4778-9996-52077E6802B0}"
EndProject
Project("{2150E333-8FDC-42A3-9474-1A3956D46DE8}") = "application server", "application server", "{83192B33-17E6-49EF-A698-3F34EAAE188B}"
EndProject
Project("{2150E333-8FDC-42A3-9474-1A3956D46DE8}") = "extensions", "extensions", "{2D49C135-AE9B-4434-8CF3-2F3E43E2583A}"
EndProject
Project("{2150E333-8FDC-42A3-9474-1A3956D46DE8}") = "docs", "docs", "{121B29E5-9A92-4D2C-AF2C-B7C3BD93365D}"
EndProject
Project("{2150E333-8FDC-42A3-9474-1A3956D46DE8}") = "game", "game", "{4733614A-98B6-48C5-A449-046601727458}"
EndProject
Global
	GlobalSection(SolutionConfigurationPlatforms) = preSolution
		Debug|Any CPU = Debug|Any CPU
		Debug|x64 = Debug|x64
		Release|Any CPU = Release|Any CPU
		Release|x64 = Release|x64
	EndGlobalSection
	GlobalSection(ProjectConfigurationPlatforms) = postSolution
		{7E4B4211-CC8F-4465-9E51-ED75C63CD179}.Debug|Any CPU.ActiveCfg = Debug|Any CPU
		{7E4B4211-CC8F-4465-9E51-ED75C63CD179}.Debug|Any CPU.Build.0 = Debug|Any CPU
		{7E4B4211-CC8F-4465-9E51-ED75C63CD179}.Debug|x64.ActiveCfg = Debug|x64
		{7E4B4211-CC8F-4465-9E51-ED75C63CD179}.Debug|x64.Build.0 = Debug|x64
		{7E4B4211-CC8F-4465-9E51-ED75C63CD179}.Release|Any CPU.ActiveCfg = Release|Any CPU
		{7E4B4211-CC8F-4465-9E51-ED75C63CD179}.Release|Any CPU.Build.0 = Release|Any CPU
		{7E4B4211-CC8F-4465-9E51-ED75C63CD179}.Release|x64.ActiveCfg = Release|x64
		{7E4B4211-CC8F-4465-9E51-ED75C63CD179}.Release|x64.Build.0 = Release|x64
		{5C1A1E43-07AA-49B0-8AB0-2A58247EE6F3}.Debug|Any CPU.ActiveCfg = Debug|Any CPU
		{5C1A1E43-07AA-49B0-8AB0-2A58247EE6F3}.Debug|Any CPU.Build.0 = Debug|Any CPU
		{5C1A1E43-07AA-49B0-8AB0-2A58247EE6F3}.Debug|x64.ActiveCfg = Debug|x64
		{5C1A1E43-07AA-49B0-8AB0-2A58247EE6F3}.Debug|x64.Build.0 = Debug|x64
		{5C1A1E43-07AA-49B0-8AB0-2A58247EE6F3}.Release|Any CPU.ActiveCfg = Release|Any CPU
		{5C1A1E43-07AA-49B0-8AB0-2A58247EE6F3}.Release|Any CPU.Build.0 = Release|Any CPU
		{5C1A1E43-07AA-49B0-8AB0-2A58247EE6F3}.Release|x64.ActiveCfg = Release|x64
		{5C1A1E43-07AA-49B0-8AB0-2A58247EE6F3}.Release|x64.Build.0 = Release|x64
		{C5003674-F29E-499D-BCC9-DE8C67AAEE52}.Debug|Any CPU.ActiveCfg = Debug|Any CPU
		{C5003674-F29E-499D-BCC9-DE8C67AAEE52}.Debug|Any CPU.Build.0 = Debug|Any CPU
		{C5003674-F29E-499D-BCC9-DE8C67AAEE52}.Debug|x64.ActiveCfg = Debug|x64
		{C5003674-F29E-499D-BCC9-DE8C67AAEE52}.Debug|x64.Build.0 = Debug|x64
		{C5003674-F29E-499D-BCC9-DE8C67AAEE52}.Release|Any CPU.ActiveCfg = Release|Any CPU
		{C5003674-F29E-499D-BCC9-DE8C67AAEE52}.Release|Any CPU.Build.0 = Release|Any CPU
		{C5003674-F29E-499D-BCC9-DE8C67AAEE52}.Release|x64.ActiveCfg = Release|x64
		{C5003674-F29E-499D-BCC9-DE8C67AAEE52}.Release|x64.Build.0 = Release|x64
		{DD362E90-524D-4417-98D5-3FA461ADDA11}.Debug|Any CPU.ActiveCfg = Debug|Any CPU
		{DD362E90-524D-4417-98D5-3FA461ADDA11}.Debug|Any CPU.Build.0 = Debug|Any CPU
		{DD362E90-524D-4417-98D5-3FA461ADDA11}.Debug|x64.ActiveCfg = Debug|x64
		{DD362E90-524D-4417-98D5-3FA461ADDA11}.Debug|x64.Build.0 = Debug|x64
		{DD362E90-524D-4417-98D5-3FA461ADDA11}.Release|Any CPU.ActiveCfg = Release|Any CPU
		{DD362E90-524D-4417-98D5-3FA461ADDA11}.Release|Any CPU.Build.0 = Release|Any CPU
		{DD362E90-524D-4417-98D5-3FA461ADDA11}.Release|x64.ActiveCfg = Release|x64
		{DD362E90-524D-4417-98D5-3FA461ADDA11}.Release|x64.Build.0 = Release|x64
		{FDC1CDFD-8CB9-4ED6-B51D-BFCCCF754947}.Debug|Any CPU.ActiveCfg = Debug|Any CPU
		{FDC1CDFD-8CB9-4ED6-B51D-BFCCCF754947}.Debug|Any CPU.Build.0 = Debug|Any CPU
		{FDC1CDFD-8CB9-4ED6-B51D-BFCCCF754947}.Debug|x64.ActiveCfg = Debug|x64
		{FDC1CDFD-8CB9-4ED6-B51D-BFCCCF754947}.Debug|x64.Build.0 = Debug|x64
		{FDC1CDFD-8CB9-4ED6-B51D-BFCCCF754947}.Release|Any CPU.ActiveCfg = Release|Any CPU
		{FDC1CDFD-8CB9-4ED6-B51D-BFCCCF754947}.Release|Any CPU.Build.0 = Release|Any CPU
		{FDC1CDFD-8CB9-4ED6-B51D-BFCCCF754947}.Release|x64.ActiveCfg = Release|x64
		{FDC1CDFD-8CB9-4ED6-B51D-BFCCCF754947}.Release|x64.Build.0 = Release|x64
		{853B0EBF-1BE1-4999-8574-45943790FF7D}.Debug|Any CPU.ActiveCfg = Debug|Any CPU
		{853B0EBF-1BE1-4999-8574-45943790FF7D}.Debug|Any CPU.Build.0 = Debug|Any CPU
		{853B0EBF-1BE1-4999-8574-45943790FF7D}.Debug|x64.ActiveCfg = Debug|x64
		{853B0EBF-1BE1-4999-8574-45943790FF7D}.Debug|x64.Build.0 = Debug|x64
		{853B0EBF-1BE1-4999-8574-45943790FF7D}.Release|Any CPU.ActiveCfg = Release|Any CPU
		{853B0EBF-1BE1-4999-8574-45943790FF7D}.Release|Any CPU.Build.0 = Release|Any CPU
		{853B0EBF-1BE1-4999-8574-45943790FF7D}.Release|x64.ActiveCfg = Release|x64
		{853B0EBF-1BE1-4999-8574-45943790FF7D}.Release|x64.Build.0 = Release|x64
		{BDD1E97A-0A19-482A-B211-320809D40167}.Debug|Any CPU.ActiveCfg = Debug|Any CPU
		{BDD1E97A-0A19-482A-B211-320809D40167}.Debug|Any CPU.Build.0 = Debug|Any CPU
		{BDD1E97A-0A19-482A-B211-320809D40167}.Debug|x64.ActiveCfg = Debug|x64
		{BDD1E97A-0A19-482A-B211-320809D40167}.Debug|x64.Build.0 = Debug|x64
		{BDD1E97A-0A19-482A-B211-320809D40167}.Release|Any CPU.ActiveCfg = Release|Any CPU
		{BDD1E97A-0A19-482A-B211-320809D40167}.Release|Any CPU.Build.0 = Release|Any CPU
		{BDD1E97A-0A19-482A-B211-320809D40167}.Release|x64.ActiveCfg = Release|x64
		{BDD1E97A-0A19-482A-B211-320809D40167}.Release|x64.Build.0 = Release|x64
		{A5D60E73-9D23-4191-9F69-9B31651C2BDB}.Debug|Any CPU.ActiveCfg = Debug|Any CPU
		{A5D60E73-9D23-4191-9F69-9B31651C2BDB}.Debug|Any CPU.Build.0 = Debug|Any CPU
		{A5D60E73-9D23-4191-9F69-9B31651C2BDB}.Debug|x64.ActiveCfg = Debug|x64
		{A5D60E73-9D23-4191-9F69-9B31651C2BDB}.Debug|x64.Build.0 = Debug|x64
		{A5D60E73-9D23-4191-9F69-9B31651C2BDB}.Release|Any CPU.ActiveCfg = Release|Any CPU
		{A5D60E73-9D23-4191-9F69-9B31651C2BDB}.Release|Any CPU.Build.0 = Release|Any CPU
		{A5D60E73-9D23-4191-9F69-9B31651C2BDB}.Release|x64.ActiveCfg = Release|x64
		{A5D60E73-9D23-4191-9F69-9B31651C2BDB}.Release|x64.Build.0 = Release|x64
		{47360B5F-31E4-409A-9BD7-157374089392}.Debug|Any CPU.ActiveCfg = Debug|Any CPU
		{47360B5F-31E4-409A-9BD7-157374089392}.Debug|Any CPU.Build.0 = Debug|Any CPU
		{47360B5F-31E4-409A-9BD7-157374089392}.Debug|x64.ActiveCfg = Debug|x64
		{47360B5F-31E4-409A-9BD7-157374089392}.Debug|x64.Build.0 = Debug|x64
		{47360B5F-31E4-409A-9BD7-157374089392}.Release|Any CPU.ActiveCfg = Release|Any CPU
		{47360B5F-31E4-409A-9BD7-157374089392}.Release|Any CPU.Build.0 = Release|Any CPU
		{47360B5F-31E4-409A-9BD7-157374089392}.Release|x64.ActiveCfg = Release|x64
		{47360B5F-31E4-409A-9BD7-157374089392}.Release|x64.Build.0 = Release|x64
		{B6805724-B1DA-4E7E-81A6-D220AE69D56E}.Debug|Any CPU.ActiveCfg = Debug|Any CPU
		{B6805724-B1DA-4E7E-81A6-D220AE69D56E}.Debug|Any CPU.Build.0 = Debug|Any CPU
		{B6805724-B1DA-4E7E-81A6-D220AE69D56E}.Debug|x64.ActiveCfg = Debug|x64
		{B6805724-B1DA-4E7E-81A6-D220AE69D56E}.Debug|x64.Build.0 = Debug|x64
		{B6805724-B1DA-4E7E-81A6-D220AE69D56E}.Release|Any CPU.ActiveCfg = Release|Any CPU
		{B6805724-B1DA-4E7E-81A6-D220AE69D56E}.Release|Any CPU.Build.0 = Release|Any CPU
		{B6805724-B1DA-4E7E-81A6-D220AE69D56E}.Release|x64.ActiveCfg = Release|x64
		{B6805724-B1DA-4E7E-81A6-D220AE69D56E}.Release|x64.Build.0 = Release|x64
		{F92268DF-7DBD-4EE1-BFC9-B1732CD1D9C3}.Debug|Any CPU.ActiveCfg = Debug|Any CPU
		{F92268DF-7DBD-4EE1-BFC9-B1732CD1D9C3}.Debug|Any CPU.Build.0 = Debug|Any CPU
		{F92268DF-7DBD-4EE1-BFC9-B1732CD1D9C3}.Debug|x64.ActiveCfg = Debug|x64
		{F92268DF-7DBD-4EE1-BFC9-B1732CD1D9C3}.Debug|x64.Build.0 = Debug|x64
		{F92268DF-7DBD-4EE1-BFC9-B1732CD1D9C3}.Release|Any CPU.ActiveCfg = Release|Any CPU
		{F92268DF-7DBD-4EE1-BFC9-B1732CD1D9C3}.Release|Any CPU.Build.0 = Release|Any CPU
		{F92268DF-7DBD-4EE1-BFC9-B1732CD1D9C3}.Release|x64.ActiveCfg = Release|x64
		{F92268DF-7DBD-4EE1-BFC9-B1732CD1D9C3}.Release|x64.Build.0 = Release|x64
		{CBB676A7-5607-43DD-910B-6C5DFFE43090}.Debug|Any CPU.ActiveCfg = Debug|Any CPU
		{CBB676A7-5607-43DD-910B-6C5DFFE43090}.Debug|Any CPU.Build.0 = Debug|Any CPU
		{CBB676A7-5607-43DD-910B-6C5DFFE43090}.Debug|x64.ActiveCfg = Debug|x64
		{CBB676A7-5607-43DD-910B-6C5DFFE43090}.Debug|x64.Build.0 = Debug|x64
		{CBB676A7-5607-43DD-910B-6C5DFFE43090}.Release|Any CPU.ActiveCfg = Release|Any CPU
		{CBB676A7-5607-43DD-910B-6C5DFFE43090}.Release|Any CPU.Build.0 = Release|Any CPU
		{CBB676A7-5607-43DD-910B-6C5DFFE43090}.Release|x64.ActiveCfg = Release|x64
		{CBB676A7-5607-43DD-910B-6C5DFFE43090}.Release|x64.Build.0 = Release|x64
		{7B722163-1780-42FE-83AE-46F665BAF792}.Debug|Any CPU.ActiveCfg = Debug|Any CPU
		{7B722163-1780-42FE-83AE-46F665BAF792}.Debug|Any CPU.Build.0 = Debug|Any CPU
		{7B722163-1780-42FE-83AE-46F665BAF792}.Debug|x64.ActiveCfg = Debug|x64
		{7B722163-1780-42FE-83AE-46F665BAF792}.Debug|x64.Build.0 = Debug|x64
		{7B722163-1780-42FE-83AE-46F665BAF792}.Release|Any CPU.ActiveCfg = Release|Any CPU
		{7B722163-1780-42FE-83AE-46F665BAF792}.Release|Any CPU.Build.0 = Release|Any CPU
		{7B722163-1780-42FE-83AE-46F665BAF792}.Release|x64.ActiveCfg = Release|x64
		{7B722163-1780-42FE-83AE-46F665BAF792}.Release|x64.Build.0 = Release|x64
		{64FD1616-263E-4974-9640-775BFFB5725E}.Debug|Any CPU.ActiveCfg = Debug|Any CPU
		{64FD1616-263E-4974-9640-775BFFB5725E}.Debug|Any CPU.Build.0 = Debug|Any CPU
		{64FD1616-263E-4974-9640-775BFFB5725E}.Debug|x64.ActiveCfg = Debug|x64
		{64FD1616-263E-4974-9640-775BFFB5725E}.Debug|x64.Build.0 = Debug|x64
		{64FD1616-263E-4974-9640-775BFFB5725E}.Release|Any CPU.ActiveCfg = Release|Any CPU
		{64FD1616-263E-4974-9640-775BFFB5725E}.Release|Any CPU.Build.0 = Release|Any CPU
		{64FD1616-263E-4974-9640-775BFFB5725E}.Release|x64.ActiveCfg = Release|x64
		{64FD1616-263E-4974-9640-775BFFB5725E}.Release|x64.Build.0 = Release|x64
		{6F24CEA8-711D-4BC4-ABA0-68E04D58DAC2}.Debug|Any CPU.ActiveCfg = Debug|Any CPU
		{6F24CEA8-711D-4BC4-ABA0-68E04D58DAC2}.Debug|Any CPU.Build.0 = Debug|Any CPU
		{6F24CEA8-711D-4BC4-ABA0-68E04D58DAC2}.Debug|x64.ActiveCfg = Debug|x64
		{6F24CEA8-711D-4BC4-ABA0-68E04D58DAC2}.Debug|x64.Build.0 = Debug|x64
		{6F24CEA8-711D-4BC4-ABA0-68E04D58DAC2}.Release|Any CPU.ActiveCfg = Release|Any CPU
		{6F24CEA8-711D-4BC4-ABA0-68E04D58DAC2}.Release|Any CPU.Build.0 = Release|Any CPU
		{6F24CEA8-711D-4BC4-ABA0-68E04D58DAC2}.Release|x64.ActiveCfg = Release|x64
		{6F24CEA8-711D-4BC4-ABA0-68E04D58DAC2}.Release|x64.Build.0 = Release|x64
		{FF7B6229-50E7-49EE-BA52-3E4389F7B958}.Debug|Any CPU.ActiveCfg = Debug|Any CPU
		{FF7B6229-50E7-49EE-BA52-3E4389F7B958}.Debug|Any CPU.Build.0 = Debug|Any CPU
		{FF7B6229-50E7-49EE-BA52-3E4389F7B958}.Debug|x64.ActiveCfg = Debug|x64
		{FF7B6229-50E7-49EE-BA52-3E4389F7B958}.Debug|x64.Build.0 = Debug|x64
		{FF7B6229-50E7-49EE-BA52-3E4389F7B958}.Release|Any CPU.ActiveCfg = Release|Any CPU
		{FF7B6229-50E7-49EE-BA52-3E4389F7B958}.Release|Any CPU.Build.0 = Release|Any CPU
		{FF7B6229-50E7-49EE-BA52-3E4389F7B958}.Release|x64.ActiveCfg = Release|x64
		{FF7B6229-50E7-49EE-BA52-3E4389F7B958}.Release|x64.Build.0 = Release|x64
		{D8D40B44-C64D-4C62-BB5B-966AED20F762}.Debug|Any CPU.ActiveCfg = Debug|Any CPU
		{D8D40B44-C64D-4C62-BB5B-966AED20F762}.Debug|Any CPU.Build.0 = Debug|Any CPU
		{D8D40B44-C64D-4C62-BB5B-966AED20F762}.Debug|x64.ActiveCfg = Debug|x64
		{D8D40B44-C64D-4C62-BB5B-966AED20F762}.Debug|x64.Build.0 = Debug|x64
		{D8D40B44-C64D-4C62-BB5B-966AED20F762}.Release|Any CPU.ActiveCfg = Release|Any CPU
		{D8D40B44-C64D-4C62-BB5B-966AED20F762}.Release|Any CPU.Build.0 = Release|Any CPU
		{D8D40B44-C64D-4C62-BB5B-966AED20F762}.Release|x64.ActiveCfg = Release|x64
		{D8D40B44-C64D-4C62-BB5B-966AED20F762}.Release|x64.Build.0 = Release|x64
		{634FBA6A-3625-43DC-89B3-97913211FA9F}.Debug|Any CPU.ActiveCfg = Debug|Any CPU
		{634FBA6A-3625-43DC-89B3-97913211FA9F}.Debug|Any CPU.Build.0 = Debug|Any CPU
		{634FBA6A-3625-43DC-89B3-97913211FA9F}.Debug|x64.ActiveCfg = Debug|x64
		{634FBA6A-3625-43DC-89B3-97913211FA9F}.Debug|x64.Build.0 = Debug|x64
		{634FBA6A-3625-43DC-89B3-97913211FA9F}.Release|Any CPU.ActiveCfg = Release|Any CPU
		{634FBA6A-3625-43DC-89B3-97913211FA9F}.Release|Any CPU.Build.0 = Release|Any CPU
		{634FBA6A-3625-43DC-89B3-97913211FA9F}.Release|x64.ActiveCfg = Release|x64
		{634FBA6A-3625-43DC-89B3-97913211FA9F}.Release|x64.Build.0 = Release|x64
		{8398850B-AEAD-4E6B-8FBB-C79F0828F596}.Debug|Any CPU.ActiveCfg = Debug|Any CPU
		{8398850B-AEAD-4E6B-8FBB-C79F0828F596}.Debug|Any CPU.Build.0 = Debug|Any CPU
		{8398850B-AEAD-4E6B-8FBB-C79F0828F596}.Debug|x64.ActiveCfg = Debug|x64
		{8398850B-AEAD-4E6B-8FBB-C79F0828F596}.Debug|x64.Build.0 = Debug|x64
		{8398850B-AEAD-4E6B-8FBB-C79F0828F596}.Release|Any CPU.ActiveCfg = Release|Any CPU
		{8398850B-AEAD-4E6B-8FBB-C79F0828F596}.Release|Any CPU.Build.0 = Release|Any CPU
		{8398850B-AEAD-4E6B-8FBB-C79F0828F596}.Release|x64.ActiveCfg = Release|x64
		{8398850B-AEAD-4E6B-8FBB-C79F0828F596}.Release|x64.Build.0 = Release|x64
		{EEE980F3-5916-45FD-9ABA-8F5D078E115C}.Debug|Any CPU.ActiveCfg = Debug|Any CPU
		{EEE980F3-5916-45FD-9ABA-8F5D078E115C}.Debug|Any CPU.Build.0 = Debug|Any CPU
		{EEE980F3-5916-45FD-9ABA-8F5D078E115C}.Debug|x64.ActiveCfg = Debug|x64
		{EEE980F3-5916-45FD-9ABA-8F5D078E115C}.Debug|x64.Build.0 = Debug|x64
		{EEE980F3-5916-45FD-9ABA-8F5D078E115C}.Release|Any CPU.ActiveCfg = Release|Any CPU
		{EEE980F3-5916-45FD-9ABA-8F5D078E115C}.Release|Any CPU.Build.0 = Release|Any CPU
		{EEE980F3-5916-45FD-9ABA-8F5D078E115C}.Release|x64.ActiveCfg = Release|x64
		{EEE980F3-5916-45FD-9ABA-8F5D078E115C}.Release|x64.Build.0 = Release|x64
		{966C5E69-B1DF-4594-8C6F-C7F32C02866F}.Debug|Any CPU.ActiveCfg = Debug|Any CPU
		{966C5E69-B1DF-4594-8C6F-C7F32C02866F}.Debug|Any CPU.Build.0 = Debug|Any CPU
		{966C5E69-B1DF-4594-8C6F-C7F32C02866F}.Debug|x64.ActiveCfg = Debug|x64
		{966C5E69-B1DF-4594-8C6F-C7F32C02866F}.Debug|x64.Build.0 = Debug|x64
		{966C5E69-B1DF-4594-8C6F-C7F32C02866F}.Release|Any CPU.ActiveCfg = Release|Any CPU
		{966C5E69-B1DF-4594-8C6F-C7F32C02866F}.Release|Any CPU.Build.0 = Release|Any CPU
		{966C5E69-B1DF-4594-8C6F-C7F32C02866F}.Release|x64.ActiveCfg = Release|x64
		{966C5E69-B1DF-4594-8C6F-C7F32C02866F}.Release|x64.Build.0 = Release|x64
		{96C4E3BF-842D-4132-9A23-0BA35F2660F2}.Debug|Any CPU.ActiveCfg = Debug|Any CPU
		{96C4E3BF-842D-4132-9A23-0BA35F2660F2}.Debug|Any CPU.Build.0 = Debug|Any CPU
		{96C4E3BF-842D-4132-9A23-0BA35F2660F2}.Debug|x64.ActiveCfg = Debug|Any CPU
		{96C4E3BF-842D-4132-9A23-0BA35F2660F2}.Debug|x64.Build.0 = Debug|Any CPU
		{96C4E3BF-842D-4132-9A23-0BA35F2660F2}.Release|Any CPU.ActiveCfg = Release|Any CPU
		{96C4E3BF-842D-4132-9A23-0BA35F2660F2}.Release|Any CPU.Build.0 = Release|Any CPU
		{96C4E3BF-842D-4132-9A23-0BA35F2660F2}.Release|x64.ActiveCfg = Release|Any CPU
		{96C4E3BF-842D-4132-9A23-0BA35F2660F2}.Release|x64.Build.0 = Release|Any CPU
		{2A189164-DAD1-4F17-AC22-4BB37011B7B6}.Debug|Any CPU.ActiveCfg = Debug|Any CPU
		{2A189164-DAD1-4F17-AC22-4BB37011B7B6}.Debug|Any CPU.Build.0 = Debug|Any CPU
		{2A189164-DAD1-4F17-AC22-4BB37011B7B6}.Debug|x64.ActiveCfg = Debug|Any CPU
		{2A189164-DAD1-4F17-AC22-4BB37011B7B6}.Debug|x64.Build.0 = Debug|Any CPU
		{2A189164-DAD1-4F17-AC22-4BB37011B7B6}.Release|Any CPU.ActiveCfg = Release|Any CPU
		{2A189164-DAD1-4F17-AC22-4BB37011B7B6}.Release|Any CPU.Build.0 = Release|Any CPU
		{2A189164-DAD1-4F17-AC22-4BB37011B7B6}.Release|x64.ActiveCfg = Release|Any CPU
		{2A189164-DAD1-4F17-AC22-4BB37011B7B6}.Release|x64.Build.0 = Release|Any CPU
		{A46F9710-37C9-4A3C-A937-B41BD2D6A34B}.Debug|Any CPU.ActiveCfg = Debug|Any CPU
		{A46F9710-37C9-4A3C-A937-B41BD2D6A34B}.Debug|Any CPU.Build.0 = Debug|Any CPU
		{A46F9710-37C9-4A3C-A937-B41BD2D6A34B}.Debug|x64.ActiveCfg = Debug|Any CPU
		{A46F9710-37C9-4A3C-A937-B41BD2D6A34B}.Debug|x64.Build.0 = Debug|Any CPU
		{A46F9710-37C9-4A3C-A937-B41BD2D6A34B}.Release|Any CPU.ActiveCfg = Release|Any CPU
		{A46F9710-37C9-4A3C-A937-B41BD2D6A34B}.Release|Any CPU.Build.0 = Release|Any CPU
		{A46F9710-37C9-4A3C-A937-B41BD2D6A34B}.Release|x64.ActiveCfg = Release|Any CPU
		{A46F9710-37C9-4A3C-A937-B41BD2D6A34B}.Release|x64.Build.0 = Release|Any CPU
		{B11029C4-5BEC-4634-87FE-0A3B7B13B85E}.Debug|Any CPU.ActiveCfg = Debug|Any CPU
		{B11029C4-5BEC-4634-87FE-0A3B7B13B85E}.Debug|Any CPU.Build.0 = Debug|Any CPU
		{B11029C4-5BEC-4634-87FE-0A3B7B13B85E}.Debug|x64.ActiveCfg = Debug|Any CPU
		{B11029C4-5BEC-4634-87FE-0A3B7B13B85E}.Debug|x64.Build.0 = Debug|Any CPU
		{B11029C4-5BEC-4634-87FE-0A3B7B13B85E}.Release|Any CPU.ActiveCfg = Release|Any CPU
		{B11029C4-5BEC-4634-87FE-0A3B7B13B85E}.Release|Any CPU.Build.0 = Release|Any CPU
		{B11029C4-5BEC-4634-87FE-0A3B7B13B85E}.Release|x64.ActiveCfg = Release|Any CPU
		{B11029C4-5BEC-4634-87FE-0A3B7B13B85E}.Release|x64.Build.0 = Release|Any CPU
		{B4C17E56-B10C-4252-8D6A-E2803BF5B8E0}.Debug|Any CPU.ActiveCfg = Debug|Any CPU
		{B4C17E56-B10C-4252-8D6A-E2803BF5B8E0}.Debug|Any CPU.Build.0 = Debug|Any CPU
		{B4C17E56-B10C-4252-8D6A-E2803BF5B8E0}.Debug|x64.ActiveCfg = Debug|Any CPU
		{B4C17E56-B10C-4252-8D6A-E2803BF5B8E0}.Debug|x64.Build.0 = Debug|Any CPU
		{B4C17E56-B10C-4252-8D6A-E2803BF5B8E0}.Release|Any CPU.ActiveCfg = Release|Any CPU
		{B4C17E56-B10C-4252-8D6A-E2803BF5B8E0}.Release|Any CPU.Build.0 = Release|Any CPU
		{B4C17E56-B10C-4252-8D6A-E2803BF5B8E0}.Release|x64.ActiveCfg = Release|Any CPU
		{B4C17E56-B10C-4252-8D6A-E2803BF5B8E0}.Release|x64.Build.0 = Release|Any CPU
		{F9748A4D-F069-408B-986B-7633236B280D}.Debug|Any CPU.ActiveCfg = Debug|Any CPU
		{F9748A4D-F069-408B-986B-7633236B280D}.Debug|x64.ActiveCfg = Debug|Any CPU
		{F9748A4D-F069-408B-986B-7633236B280D}.Debug|x64.Build.0 = Debug|Any CPU
		{F9748A4D-F069-408B-986B-7633236B280D}.Release|Any CPU.ActiveCfg = Release|Any CPU
		{F9748A4D-F069-408B-986B-7633236B280D}.Release|x64.ActiveCfg = Release|Any CPU
		{F9748A4D-F069-408B-986B-7633236B280D}.Release|x64.Build.0 = Release|Any CPU
		{C45D55EF-5950-4DE5-95FA-F1BAD94A9D69}.Debug|Any CPU.ActiveCfg = Debug|Any CPU
		{C45D55EF-5950-4DE5-95FA-F1BAD94A9D69}.Debug|Any CPU.Build.0 = Debug|Any CPU
		{C45D55EF-5950-4DE5-95FA-F1BAD94A9D69}.Debug|x64.ActiveCfg = Debug|Any CPU
		{C45D55EF-5950-4DE5-95FA-F1BAD94A9D69}.Debug|x64.Build.0 = Debug|Any CPU
		{C45D55EF-5950-4DE5-95FA-F1BAD94A9D69}.Release|Any CPU.ActiveCfg = Release|Any CPU
		{C45D55EF-5950-4DE5-95FA-F1BAD94A9D69}.Release|Any CPU.Build.0 = Release|Any CPU
		{C45D55EF-5950-4DE5-95FA-F1BAD94A9D69}.Release|x64.ActiveCfg = Release|Any CPU
		{C45D55EF-5950-4DE5-95FA-F1BAD94A9D69}.Release|x64.Build.0 = Release|Any CPU
		{43FB50C3-5D5C-4A33-8E64-2FF77D832CBF}.Debug|Any CPU.ActiveCfg = Debug|Any CPU
		{43FB50C3-5D5C-4A33-8E64-2FF77D832CBF}.Debug|Any CPU.Build.0 = Debug|Any CPU
		{43FB50C3-5D5C-4A33-8E64-2FF77D832CBF}.Debug|x64.ActiveCfg = Debug|Any CPU
		{43FB50C3-5D5C-4A33-8E64-2FF77D832CBF}.Debug|x64.Build.0 = Debug|Any CPU
		{43FB50C3-5D5C-4A33-8E64-2FF77D832CBF}.Release|Any CPU.ActiveCfg = Release|Any CPU
		{43FB50C3-5D5C-4A33-8E64-2FF77D832CBF}.Release|Any CPU.Build.0 = Release|Any CPU
		{43FB50C3-5D5C-4A33-8E64-2FF77D832CBF}.Release|x64.ActiveCfg = Release|Any CPU
		{43FB50C3-5D5C-4A33-8E64-2FF77D832CBF}.Release|x64.Build.0 = Release|Any CPU
		{5CE7F8D8-3BA9-425E-8042-8C4CBFFC2DB2}.Debug|Any CPU.ActiveCfg = Debug|Any CPU
		{5CE7F8D8-3BA9-425E-8042-8C4CBFFC2DB2}.Debug|Any CPU.Build.0 = Debug|Any CPU
		{5CE7F8D8-3BA9-425E-8042-8C4CBFFC2DB2}.Debug|x64.ActiveCfg = Debug|Any CPU
		{5CE7F8D8-3BA9-425E-8042-8C4CBFFC2DB2}.Debug|x64.Build.0 = Debug|Any CPU
		{5CE7F8D8-3BA9-425E-8042-8C4CBFFC2DB2}.Release|Any CPU.ActiveCfg = Release|Any CPU
		{5CE7F8D8-3BA9-425E-8042-8C4CBFFC2DB2}.Release|Any CPU.Build.0 = Release|Any CPU
		{5CE7F8D8-3BA9-425E-8042-8C4CBFFC2DB2}.Release|x64.ActiveCfg = Release|Any CPU
		{5CE7F8D8-3BA9-425E-8042-8C4CBFFC2DB2}.Release|x64.Build.0 = Release|Any CPU
		{59D7B099-90A7-4FAF-A736-8CE283FA1AFC}.Debug|Any CPU.ActiveCfg = Debug|Any CPU
		{59D7B099-90A7-4FAF-A736-8CE283FA1AFC}.Debug|Any CPU.Build.0 = Debug|Any CPU
		{59D7B099-90A7-4FAF-A736-8CE283FA1AFC}.Debug|x64.ActiveCfg = Debug|Any CPU
		{59D7B099-90A7-4FAF-A736-8CE283FA1AFC}.Debug|x64.Build.0 = Debug|Any CPU
		{59D7B099-90A7-4FAF-A736-8CE283FA1AFC}.Release|Any CPU.ActiveCfg = Release|Any CPU
		{59D7B099-90A7-4FAF-A736-8CE283FA1AFC}.Release|Any CPU.Build.0 = Release|Any CPU
		{59D7B099-90A7-4FAF-A736-8CE283FA1AFC}.Release|x64.ActiveCfg = Release|Any CPU
		{59D7B099-90A7-4FAF-A736-8CE283FA1AFC}.Release|x64.Build.0 = Release|Any CPU
		{240DD72A-84C2-4027-A837-10069BA4DE45}.Debug|Any CPU.ActiveCfg = Debug|Any CPU
		{240DD72A-84C2-4027-A837-10069BA4DE45}.Debug|Any CPU.Build.0 = Debug|Any CPU
		{240DD72A-84C2-4027-A837-10069BA4DE45}.Debug|x64.ActiveCfg = Debug|Any CPU
		{240DD72A-84C2-4027-A837-10069BA4DE45}.Debug|x64.Build.0 = Debug|Any CPU
		{240DD72A-84C2-4027-A837-10069BA4DE45}.Release|Any CPU.ActiveCfg = Release|Any CPU
		{240DD72A-84C2-4027-A837-10069BA4DE45}.Release|Any CPU.Build.0 = Release|Any CPU
		{240DD72A-84C2-4027-A837-10069BA4DE45}.Release|x64.ActiveCfg = Release|Any CPU
		{240DD72A-84C2-4027-A837-10069BA4DE45}.Release|x64.Build.0 = Release|Any CPU
		{C1ECE885-A951-4D93-8168-D6632F8848AE}.Debug|Any CPU.ActiveCfg = Debug|Any CPU
		{C1ECE885-A951-4D93-8168-D6632F8848AE}.Debug|Any CPU.Build.0 = Debug|Any CPU
		{C1ECE885-A951-4D93-8168-D6632F8848AE}.Debug|x64.ActiveCfg = Debug|Any CPU
		{C1ECE885-A951-4D93-8168-D6632F8848AE}.Debug|x64.Build.0 = Debug|Any CPU
		{C1ECE885-A951-4D93-8168-D6632F8848AE}.Release|Any CPU.ActiveCfg = Release|Any CPU
		{C1ECE885-A951-4D93-8168-D6632F8848AE}.Release|Any CPU.Build.0 = Release|Any CPU
		{C1ECE885-A951-4D93-8168-D6632F8848AE}.Release|x64.ActiveCfg = Release|Any CPU
		{C1ECE885-A951-4D93-8168-D6632F8848AE}.Release|x64.Build.0 = Release|Any CPU
		{B6B096CB-18C4-4B48-9D85-43A367787672}.Debug|Any CPU.ActiveCfg = Debug|Any CPU
		{B6B096CB-18C4-4B48-9D85-43A367787672}.Debug|Any CPU.Build.0 = Debug|Any CPU
		{B6B096CB-18C4-4B48-9D85-43A367787672}.Debug|x64.ActiveCfg = Debug|Any CPU
		{B6B096CB-18C4-4B48-9D85-43A367787672}.Debug|x64.Build.0 = Debug|Any CPU
		{B6B096CB-18C4-4B48-9D85-43A367787672}.Release|Any CPU.ActiveCfg = Release|Any CPU
		{B6B096CB-18C4-4B48-9D85-43A367787672}.Release|Any CPU.Build.0 = Release|Any CPU
		{B6B096CB-18C4-4B48-9D85-43A367787672}.Release|x64.ActiveCfg = Release|Any CPU
		{B6B096CB-18C4-4B48-9D85-43A367787672}.Release|x64.Build.0 = Release|Any CPU
		{7588730A-5787-4D61-A3B2-31D63AC10355}.Debug|Any CPU.ActiveCfg = Debug|Any CPU
		{7588730A-5787-4D61-A3B2-31D63AC10355}.Debug|Any CPU.Build.0 = Debug|Any CPU
		{7588730A-5787-4D61-A3B2-31D63AC10355}.Debug|x64.ActiveCfg = Debug|Any CPU
		{7588730A-5787-4D61-A3B2-31D63AC10355}.Debug|x64.Build.0 = Debug|Any CPU
		{7588730A-5787-4D61-A3B2-31D63AC10355}.Release|Any CPU.ActiveCfg = Release|Any CPU
		{7588730A-5787-4D61-A3B2-31D63AC10355}.Release|Any CPU.Build.0 = Release|Any CPU
		{7588730A-5787-4D61-A3B2-31D63AC10355}.Release|x64.ActiveCfg = Release|Any CPU
		{7588730A-5787-4D61-A3B2-31D63AC10355}.Release|x64.Build.0 = Release|Any CPU
		{E5A0A9B7-1E3B-45CD-AD1F-10B7488123C8}.Debug|Any CPU.ActiveCfg = Debug|Any CPU
		{E5A0A9B7-1E3B-45CD-AD1F-10B7488123C8}.Debug|Any CPU.Build.0 = Debug|Any CPU
		{E5A0A9B7-1E3B-45CD-AD1F-10B7488123C8}.Debug|x64.ActiveCfg = Debug|Any CPU
		{E5A0A9B7-1E3B-45CD-AD1F-10B7488123C8}.Debug|x64.Build.0 = Debug|Any CPU
		{E5A0A9B7-1E3B-45CD-AD1F-10B7488123C8}.Release|Any CPU.ActiveCfg = Release|Any CPU
		{E5A0A9B7-1E3B-45CD-AD1F-10B7488123C8}.Release|Any CPU.Build.0 = Release|Any CPU
		{E5A0A9B7-1E3B-45CD-AD1F-10B7488123C8}.Release|x64.ActiveCfg = Release|Any CPU
		{E5A0A9B7-1E3B-45CD-AD1F-10B7488123C8}.Release|x64.Build.0 = Release|Any CPU
		{BF47800C-BB14-4A24-9EB2-3BAE8B64EA5C}.Debug|Any CPU.ActiveCfg = Debug|Any CPU
		{BF47800C-BB14-4A24-9EB2-3BAE8B64EA5C}.Debug|Any CPU.Build.0 = Debug|Any CPU
		{BF47800C-BB14-4A24-9EB2-3BAE8B64EA5C}.Debug|x64.ActiveCfg = Debug|Any CPU
		{BF47800C-BB14-4A24-9EB2-3BAE8B64EA5C}.Debug|x64.Build.0 = Debug|Any CPU
		{BF47800C-BB14-4A24-9EB2-3BAE8B64EA5C}.Release|Any CPU.ActiveCfg = Release|Any CPU
		{BF47800C-BB14-4A24-9EB2-3BAE8B64EA5C}.Release|Any CPU.Build.0 = Release|Any CPU
		{BF47800C-BB14-4A24-9EB2-3BAE8B64EA5C}.Release|x64.ActiveCfg = Release|Any CPU
		{BF47800C-BB14-4A24-9EB2-3BAE8B64EA5C}.Release|x64.Build.0 = Release|Any CPU
		{964DD584-90C2-40A0-B2E7-04494F8B6749}.Debug|Any CPU.ActiveCfg = Debug|Any CPU
		{964DD584-90C2-40A0-B2E7-04494F8B6749}.Debug|Any CPU.Build.0 = Debug|Any CPU
		{964DD584-90C2-40A0-B2E7-04494F8B6749}.Debug|x64.ActiveCfg = Debug|Any CPU
		{964DD584-90C2-40A0-B2E7-04494F8B6749}.Debug|x64.Build.0 = Debug|Any CPU
		{964DD584-90C2-40A0-B2E7-04494F8B6749}.Release|Any CPU.ActiveCfg = Release|Any CPU
		{964DD584-90C2-40A0-B2E7-04494F8B6749}.Release|Any CPU.Build.0 = Release|Any CPU
		{964DD584-90C2-40A0-B2E7-04494F8B6749}.Release|x64.ActiveCfg = Release|Any CPU
		{964DD584-90C2-40A0-B2E7-04494F8B6749}.Release|x64.Build.0 = Release|Any CPU
	EndGlobalSection
	GlobalSection(SolutionProperties) = preSolution
		HideSolutionNode = FALSE
	EndGlobalSection
	GlobalSection(NestedProjects) = preSolution
		{5C1A1E43-07AA-49B0-8AB0-2A58247EE6F3} = {676FD03A-21CA-45E6-B61A-2AFCE061269B}
		{C5003674-F29E-499D-BCC9-DE8C67AAEE52} = {676FD03A-21CA-45E6-B61A-2AFCE061269B}
		{DD362E90-524D-4417-98D5-3FA461ADDA11} = {676FD03A-21CA-45E6-B61A-2AFCE061269B}
		{FDC1CDFD-8CB9-4ED6-B51D-BFCCCF754947} = {C859BCB0-ED88-4607-9687-6CE2B309643F}
		{5CE7F8D8-3BA9-425E-8042-8C4CBFFC2DB2} = {C859BCB0-ED88-4607-9687-6CE2B309643F}
		{240DD72A-84C2-4027-A837-10069BA4DE45} = {9D4CBB34-8698-4A2E-BBC9-12586A98DC30}
		{C1ECE885-A951-4D93-8168-D6632F8848AE} = {C859BCB0-ED88-4607-9687-6CE2B309643F}
		{BF47800C-BB14-4A24-9EB2-3BAE8B64EA5C} = {9D4CBB34-8698-4A2E-BBC9-12586A98DC30}
		{8398850B-AEAD-4E6B-8FBB-C79F0828F596} = {9D4CBB34-8698-4A2E-BBC9-12586A98DC30}
		{47360B5F-31E4-409A-9BD7-157374089392} = {9D4CBB34-8698-4A2E-BBC9-12586A98DC30}
		{676FD03A-21CA-45E6-B61A-2AFCE061269B} = {41D4D3B5-6FC6-48F5-9D05-EA8C293DB44B}
		{C859BCB0-ED88-4607-9687-6CE2B309643F} = {41D4D3B5-6FC6-48F5-9D05-EA8C293DB44B}
		{EB46ABE5-1719-4A52-BACB-A05D6EACCAB5} = {41D4D3B5-6FC6-48F5-9D05-EA8C293DB44B}
		{FA691E87-E79B-4778-9996-52077E6802B0} = {41D4D3B5-6FC6-48F5-9D05-EA8C293DB44B}
		{634FBA6A-3625-43DC-89B3-97913211FA9F} = {FA691E87-E79B-4778-9996-52077E6802B0}
		{D8D40B44-C64D-4C62-BB5B-966AED20F762} = {FA691E87-E79B-4778-9996-52077E6802B0}
		{FF7B6229-50E7-49EE-BA52-3E4389F7B958} = {FA691E87-E79B-4778-9996-52077E6802B0}
		{83192B33-17E6-49EF-A698-3F34EAAE188B} = {41D4D3B5-6FC6-48F5-9D05-EA8C293DB44B}
		{7E4B4211-CC8F-4465-9E51-ED75C63CD179} = {83192B33-17E6-49EF-A698-3F34EAAE188B}
		{64FD1616-263E-4974-9640-775BFFB5725E} = {83192B33-17E6-49EF-A698-3F34EAAE188B}
		{A5D60E73-9D23-4191-9F69-9B31651C2BDB} = {83192B33-17E6-49EF-A698-3F34EAAE188B}
		{C45D55EF-5950-4DE5-95FA-F1BAD94A9D69} = {83192B33-17E6-49EF-A698-3F34EAAE188B}
		{6F24CEA8-711D-4BC4-ABA0-68E04D58DAC2} = {83192B33-17E6-49EF-A698-3F34EAAE188B}
		{B6805724-B1DA-4E7E-81A6-D220AE69D56E} = {83192B33-17E6-49EF-A698-3F34EAAE188B}
		{966C5E69-B1DF-4594-8C6F-C7F32C02866F} = {83192B33-17E6-49EF-A698-3F34EAAE188B}
		{BDD1E97A-0A19-482A-B211-320809D40167} = {83192B33-17E6-49EF-A698-3F34EAAE188B}
		{43FB50C3-5D5C-4A33-8E64-2FF77D832CBF} = {EB46ABE5-1719-4A52-BACB-A05D6EACCAB5}
		{7B722163-1780-42FE-83AE-46F665BAF792} = {EB46ABE5-1719-4A52-BACB-A05D6EACCAB5}
		{EEE980F3-5916-45FD-9ABA-8F5D078E115C} = {EB46ABE5-1719-4A52-BACB-A05D6EACCAB5}
		{F92268DF-7DBD-4EE1-BFC9-B1732CD1D9C3} = {EB46ABE5-1719-4A52-BACB-A05D6EACCAB5}
		{CBB676A7-5607-43DD-910B-6C5DFFE43090} = {EB46ABE5-1719-4A52-BACB-A05D6EACCAB5}
		{B6B096CB-18C4-4B48-9D85-43A367787672} = {EB46ABE5-1719-4A52-BACB-A05D6EACCAB5}
		{2D49C135-AE9B-4434-8CF3-2F3E43E2583A} = {41D4D3B5-6FC6-48F5-9D05-EA8C293DB44B}
		{F9748A4D-F069-408B-986B-7633236B280D} = {2D49C135-AE9B-4434-8CF3-2F3E43E2583A}
		{E5A0A9B7-1E3B-45CD-AD1F-10B7488123C8} = {2D49C135-AE9B-4434-8CF3-2F3E43E2583A}
		{853B0EBF-1BE1-4999-8574-45943790FF7D} = {41D4D3B5-6FC6-48F5-9D05-EA8C293DB44B}
		{964DD584-90C2-40A0-B2E7-04494F8B6749} = {121B29E5-9A92-4D2C-AF2C-B7C3BD93365D}
		{96C4E3BF-842D-4132-9A23-0BA35F2660F2} = {9D4CBB34-8698-4A2E-BBC9-12586A98DC30}
		{4733614A-98B6-48C5-A449-046601727458} = {9D4CBB34-8698-4A2E-BBC9-12586A98DC30}
		{7588730A-5787-4D61-A3B2-31D63AC10355} = {4733614A-98B6-48C5-A449-046601727458}
		{B11029C4-5BEC-4634-87FE-0A3B7B13B85E} = {4733614A-98B6-48C5-A449-046601727458}
		{B4C17E56-B10C-4252-8D6A-E2803BF5B8E0} = {4733614A-98B6-48C5-A449-046601727458}
		{2A189164-DAD1-4F17-AC22-4BB37011B7B6} = {4733614A-98B6-48C5-A449-046601727458}
		{59D7B099-90A7-4FAF-A736-8CE283FA1AFC} = {4733614A-98B6-48C5-A449-046601727458}
		{A46F9710-37C9-4A3C-A937-B41BD2D6A34B} = {4733614A-98B6-48C5-A449-046601727458}
	EndGlobalSection
	GlobalSection(ExtensibilityGlobals) = postSolution
		SolutionGuid = {3B3C7097-0071-4218-BE24-5EE9128763B6}
	EndGlobalSection
EndGlobal
